{
    "name": ".opencode",
    "lockfileVersion": 3,
    "requires": true,
    "packages": {
        "": {
            "dependencies": {
                "@opencode-cui/pc-agent": "file:../src/main/pc-agent"
            }
        },
        "../src/main/pc-agent": {
            "name": "@opencode-cui/pc-agent",
            "version": "1.0.0",
            "license": "MIT",
            "dependencies": {
                "@opencode-ai/sdk": "^1.2",
                "ws": "^8"
            },
            "devDependencies": {
                "@types/bun": "^1.3.10",
                "@types/node": "^20",
                "@types/ws": "^8",
                "typescript": "^5"
            }
        },
        "node_modules/@opencode-cui/pc-agent": {
            "resolved": "../src/main/pc-agent",
            "link": true
        }
    }
}
